
Microsoft Visual Studio Solution File, Format Version 12.00
# Visual Studio Version 16
VisualStudioVersion = 16.0.30907.101
MinimumVisualStudioVersion = 10.0.40219.1
Project("{8BC9CEB8-8B4A-11D0-8D11-00A0C91BC942}") = "nclink_filetrans", "nclink_filetrans.vcxproj", "{DCD11BC9-F2EA-4B7A-8EBD-F9F093EF2933}"
EndProject
Global
	GlobalSection(SolutionConfigurationPlatforms) = preSolution
		Debug|x64 = Debug|x64
		Debug|x86 = Debug|x86
		Release|x64 = Release|x64
		Release|x86 = Release|x86
	EndGlobalSection
	GlobalSection(ProjectConfigurationPlatforms) = postSolution
		{DCD11BC9-F2EA-4B7A-8EBD-F9F093EF2933}.Debug|x64.ActiveCfg = Debug|x64
		{DCD11BC9-F2EA-4B7A-8EBD-F9F093EF2933}.Debug|x64.Build.0 = Debug|x64
		{DCD11BC9-F2EA-4B7A-8EBD-F9F093EF2933}.Debug|x86.ActiveCfg = Debug|Win32
		{DCD11BC9-F2EA-4B7A-8EBD-F9F093EF2933}.Debug|x86.Build.0 = Debug|Win32
		{DCD11BC9-F2EA-4B7A-8EBD-F9F093EF2933}.Release|x64.ActiveCfg = Release|x64
		{DCD11BC9-F2EA-4B7A-8EBD-F9F093EF2933}.Release|x64.Build.0 = Release|x64
		{DCD11BC9-F2EA-4B7A-8EBD-F9F093EF2933}.Release|x86.ActiveCfg = Release|Win32
		{DCD11BC9-F2EA-4B7A-8EBD-F9F093EF2933}.Release|x86.Build.0 = Release|Win32
	EndGlobalSection
	GlobalSection(SolutionProperties) = preSolution
		HideSolutionNode = FALSE
	EndGlobalSection
	GlobalSection(ExtensibilityGlobals) = postSolution
		SolutionGuid = {477AC19C-3B81-48CA-B64E-9D2C124B4677}
	EndGlobalSection
EndGlobal
